
Microsoft Visual Studio Solution File, Format Version 12.00
# Visual Studio Version 17
VisualStudioVersion = 17.2.32602.215
MinimumVisualStudioVersion = 10.0.40219.1
Project("{8BC9CEB8-8B4A-11D0-8D11-00A0C91BC942}") = "Baekjoon_1712_BreakEvenPoint", "Baekjoon_1712_BreakEvenPoint\Baekjoon_1712_BreakEvenPoint.vcxproj", "{6D725347-4DA1-4ABE-ABA9-2223CF4B3D94}"
EndProject
Project("{8BC9CEB8-8B4A-11D0-8D11-00A0C91BC942}") = "Baekjoon_2292_Honeycomb", "Baekjoon_2292_Honeycomb\Baekjoon_2292_Honeycomb.vcxproj", "{4C731080-2989-422C-BABB-655B0F91277A}"
EndProject
Project("{8BC9CEB8-8B4A-11D0-8D11-00A0C91BC942}") = "Baekjoon_1977_SquareNumber", "Baekjoon_1977_SquareNumber\AlgorithmPractice.vcxproj", "{FB0A959D-7F4E-4D44-B420-6132877D79C4}"
EndProject
Project("{8BC9CEB8-8B4A-11D0-8D11-00A0C91BC942}") = "Baekjoon_1010_BuildBridge", "Baekjoon_1010_BuildBridge\Baekjoon_1010_BuildBridge.vcxproj", "{059B091C-0FBF-43DC-A1C3-74C409044925}"
EndProject
Project("{8BC9CEB8-8B4A-11D0-8D11-00A0C91BC942}") = "Baekjoon_1059_GoodSection", "Baekjoon_1059_GoodSection\Baekjoon_1059_GoodSection.vcxproj", "{40596835-2291-4764-9344-88004157A16D}"
EndProject
Project("{8BC9CEB8-8B4A-11D0-8D11-00A0C91BC942}") = "Baekjoon_1064_Parallelogram", "Baekjoon_1064_Parallelogram\Baekjoon_1064_Parallelogram.vcxproj", "{D303A818-B8E7-45CE-8475-34CB05A0450D}"
EndProject
Global
	GlobalSection(SolutionConfigurationPlatforms) = preSolution
		Debug|x64 = Debug|x64
		Debug|x86 = Debug|x86
		Release|x64 = Release|x64
		Release|x86 = Release|x86
	EndGlobalSection
	GlobalSection(ProjectConfigurationPlatforms) = postSolution
		{6D725347-4DA1-4ABE-ABA9-2223CF4B3D94}.Debug|x64.ActiveCfg = Debug|x64
		{6D725347-4DA1-4ABE-ABA9-2223CF4B3D94}.Debug|x64.Build.0 = Debug|x64
		{6D725347-4DA1-4ABE-ABA9-2223CF4B3D94}.Debug|x86.ActiveCfg = Debug|Win32
		{6D725347-4DA1-4ABE-ABA9-2223CF4B3D94}.Debug|x86.Build.0 = Debug|Win32
		{6D725347-4DA1-4ABE-ABA9-2223CF4B3D94}.Release|x64.ActiveCfg = Release|x64
		{6D725347-4DA1-4ABE-ABA9-2223CF4B3D94}.Release|x64.Build.0 = Release|x64
		{6D725347-4DA1-4ABE-ABA9-2223CF4B3D94}.Release|x86.ActiveCfg = Release|Win32
		{6D725347-4DA1-4ABE-ABA9-2223CF4B3D94}.Release|x86.Build.0 = Release|Win32
		{4C731080-2989-422C-BABB-655B0F91277A}.Debug|x64.ActiveCfg = Debug|x64
		{4C731080-2989-422C-BABB-655B0F91277A}.Debug|x64.Build.0 = Debug|x64
		{4C731080-2989-422C-BABB-655B0F91277A}.Debug|x86.ActiveCfg = Debug|Win32
		{4C731080-2989-422C-BABB-655B0F91277A}.Debug|x86.Build.0 = Debug|Win32
		{4C731080-2989-422C-BABB-655B0F91277A}.Release|x64.ActiveCfg = Release|x64
		{4C731080-2989-422C-BABB-655B0F91277A}.Release|x64.Build.0 = Release|x64
		{4C731080-2989-422C-BABB-655B0F91277A}.Release|x86.ActiveCfg = Release|Win32
		{4C731080-2989-422C-BABB-655B0F91277A}.Release|x86.Build.0 = Release|Win32
		{FB0A959D-7F4E-4D44-B420-6132877D79C4}.Debug|x64.ActiveCfg = Debug|x64
		{FB0A959D-7F4E-4D44-B420-6132877D79C4}.Debug|x64.Build.0 = Debug|x64
		{FB0A959D-7F4E-4D44-B420-6132877D79C4}.Debug|x86.ActiveCfg = Debug|Win32
		{FB0A959D-7F4E-4D44-B420-6132877D79C4}.Debug|x86.Build.0 = Debug|Win32
		{FB0A959D-7F4E-4D44-B420-6132877D79C4}.Release|x64.ActiveCfg = Release|x64
		{FB0A959D-7F4E-4D44-B420-6132877D79C4}.Release|x64.Build.0 = Release|x64
		{FB0A959D-7F4E-4D44-B420-6132877D79C4}.Release|x86.ActiveCfg = Release|Win32
		{FB0A959D-7F4E-4D44-B420-6132877D79C4}.Release|x86.Build.0 = Release|Win32
		{059B091C-0FBF-43DC-A1C3-74C409044925}.Debug|x64.ActiveCfg = Debug|x64
		{059B091C-0FBF-43DC-A1C3-74C409044925}.Debug|x64.Build.0 = Debug|x64
		{059B091C-0FBF-43DC-A1C3-74C409044925}.Debug|x86.ActiveCfg = Debug|Win32
		{059B091C-0FBF-43DC-A1C3-74C409044925}.Debug|x86.Build.0 = Debug|Win32
		{059B091C-0FBF-43DC-A1C3-74C409044925}.Release|x64.ActiveCfg = Release|x64
		{059B091C-0FBF-43DC-A1C3-74C409044925}.Release|x64.Build.0 = Release|x64
		{059B091C-0FBF-43DC-A1C3-74C409044925}.Release|x86.ActiveCfg = Release|Win32
		{059B091C-0FBF-43DC-A1C3-74C409044925}.Release|x86.Build.0 = Release|Win32
		{40596835-2291-4764-9344-88004157A16D}.Debug|x64.ActiveCfg = Debug|x64
		{40596835-2291-4764-9344-88004157A16D}.Debug|x64.Build.0 = Debug|x64
		{40596835-2291-4764-9344-88004157A16D}.Debug|x86.ActiveCfg = Debug|Win32
		{40596835-2291-4764-9344-88004157A16D}.Debug|x86.Build.0 = Debug|Win32
		{40596835-2291-4764-9344-88004157A16D}.Release|x64.ActiveCfg = Release|x64
		{40596835-2291-4764-9344-88004157A16D}.Release|x64.Build.0 = Release|x64
		{40596835-2291-4764-9344-88004157A16D}.Release|x86.ActiveCfg = Release|Win32
		{40596835-2291-4764-9344-88004157A16D}.Release|x86.Build.0 = Release|Win32
		{D303A818-B8E7-45CE-8475-34CB05A0450D}.Debug|x64.ActiveCfg = Debug|x64
		{D303A818-B8E7-45CE-8475-34CB05A0450D}.Debug|x64.Build.0 = Debug|x64
		{D303A818-B8E7-45CE-8475-34CB05A0450D}.Debug|x86.ActiveCfg = Debug|Win32
		{D303A818-B8E7-45CE-8475-34CB05A0450D}.Debug|x86.Build.0 = Debug|Win32
		{D303A818-B8E7-45CE-8475-34CB05A0450D}.Release|x64.ActiveCfg = Release|x64
		{D303A818-B8E7-45CE-8475-34CB05A0450D}.Release|x64.Build.0 = Release|x64
		{D303A818-B8E7-45CE-8475-34CB05A0450D}.Release|x86.ActiveCfg = Release|Win32
		{D303A818-B8E7-45CE-8475-34CB05A0450D}.Release|x86.Build.0 = Release|Win32
	EndGlobalSection
	GlobalSection(SolutionProperties) = preSolution
		HideSolutionNode = FALSE
	EndGlobalSection
	GlobalSection(ExtensibilityGlobals) = postSolution
		SolutionGuid = {D6622F3F-D2F1-4FC6-BF0C-85E449A66B5C}
	EndGlobalSection
EndGlobal
